{
  "name": "boo_cam",
  "version": "1.0.0",
  "lockfileVersion": 1,
  "requires": true,
  "dependencies": {
    "@tensorflow/tfjs-core": {
      "version": "0.14.2",
      "resolved": "https://registry.npmjs.org/@tensorflow/tfjs-core/-/tfjs-core-0.14.2.tgz",
      "integrity": "sha512-VVbcu6H3ioKCkfkep/gQASfzPnQt3C5v+4ppH9pQ6Lf0lD+l3NMuMJYxa8Wjac1TfiWhFEX58bJvhpMfTGsUlg==",
      "requires": {
        "@types/seedrandom": "2.4.27",
        "@types/webgl-ext": "0.0.30",
        "@types/webgl2": "0.0.4",
        "seedrandom": "2.4.3"
      }
    },
    "@types/seedrandom": {
      "version": "2.4.27",
      "resolved": "https://registry.npmjs.org/@types/seedrandom/-/seedrandom-2.4.27.tgz",
      "integrity": "sha1-nbVjk33YaRX2kJK8QyWdL0hXjkE="
    },
    "@types/webgl-ext": {
      "version": "0.0.30",
      "resolved": "https://registry.npmjs.org/@types/webgl-ext/-/webgl-ext-0.0.30.tgz",
      "integrity": "sha512-LKVgNmBxN0BbljJrVUwkxwRYqzsAEPcZOe6S2T6ZaBDIrFp0qu4FNlpc5sM1tGbXUYFgdVQIoeLk1Y1UoblyEg=="
    },
    "@types/webgl2": {
      "version": "0.0.4",
      "resolved": "https://registry.npmjs.org/@types/webgl2/-/webgl2-0.0.4.tgz",
      "integrity": "sha512-PACt1xdErJbMUOUweSrbVM7gSIYm1vTncW2hF6Os/EeWi6TXYAYMPp+8v6rzHmypE5gHrxaxZNXgMkJVIdZpHw=="
    },
    "face-api.js": {
      "version": "0.18.0",
      "resolved": "https://registry.npmjs.org/face-api.js/-/face-api.js-0.18.0.tgz",
      "integrity": "sha512-SbUGAIrNAMbCA8E+w0vArfEt4zQyoWIBax8hXPsWgxCx7uim/o9s305xo68ltzYgMnPvXMWPin89GgDN+eMECA==",
      "requires": {
        "@tensorflow/tfjs-core": "0.14.2",
        "tfjs-image-recognition-base": "^0.4.1",
        "tslib": "^1.9.3"
      }
    },
    "seedrandom": {
      "version": "2.4.3",
      "resolved": "https://registry.npmjs.org/seedrandom/-/seedrandom-2.4.3.tgz",
      "integrity": "sha1-JDhQTa0zkXMUv/GKxNeU8W1qrsw="
    },
    "tfjs-image-recognition-base": {
      "version": "0.4.1",
      "resolved": "https://registry.npmjs.org/tfjs-image-recognition-base/-/tfjs-image-recognition-base-0.4.1.tgz",
      "integrity": "sha512-oJOLByZa0OgPaLB17ZlL2qO8dIQwgV1ma4/iEFbzVbF8yd0qOomIuEGvyPzXDfD0dmyPwzj8Ysa3Jq+O375Fpw==",
      "requires": {
        "@tensorflow/tfjs-core": "0.14.2",
        "tslib": "^1.9.3"
      }
    },
    "tslib": {
      "version": "1.9.3",
      "resolved": "https://registry.npmjs.org/tslib/-/tslib-1.9.3.tgz",
      "integrity": "sha512-4krF8scpejhaOgqzBEcGM7yDIEfi0/8+8zDRZhNZZ2kjmHJ4hv3zCbQWxoJGz1iw5U0Jl0nma13xzHXcncMavQ=="
    }
  }
}
